
Microsoft Visual Studio Solution File, Format Version 12.00
# Visual Studio 15
VisualStudioVersion = 15.0.27703.2026
MinimumVisualStudioVersion = 10.0.40219.1
Project("{FAE04EC0-301F-11D3-BF4B-00C04F79EFBC}") = "SynthConsole", "SynthConsole.csproj", "{A8F48372-1189-4338-9F44-26188443A413}"
EndProject
Project("{FAE04EC0-301F-11D3-BF4B-00C04F79EFBC}") = "Synth", "Synth\Synth.csproj", "{42DD94A3-D456-4C23-8EA9-08D91C534691}"
EndProject
Global
	GlobalSection(SolutionConfigurationPlatforms) = preSolution
		Debug|Any CPU = Debug|Any CPU
		Release|Any CPU = Release|Any CPU
	EndGlobalSection
	GlobalSection(ProjectConfigurationPlatforms) = postSolution
		{A8F48372-1189-4338-9F44-26188443A413}.Debug|Any CPU.ActiveCfg = Debug|Any CPU
		{A8F48372-1189-4338-9F44-26188443A413}.Debug|Any CPU.Build.0 = Debug|Any CPU
		{A8F48372-1189-4338-9F44-26188443A413}.Release|Any CPU.ActiveCfg = Release|Any CPU
		{A8F48372-1189-4338-9F44-26188443A413}.Release|Any CPU.Build.0 = Release|Any CPU
		{42DD94A3-D456-4C23-8EA9-08D91C534691}.Debug|Any CPU.ActiveCfg = Debug|Any CPU
		{42DD94A3-D456-4C23-8EA9-08D91C534691}.Debug|Any CPU.Build.0 = Debug|Any CPU
		{42DD94A3-D456-4C23-8EA9-08D91C534691}.Release|Any CPU.ActiveCfg = Release|Any CPU
		{42DD94A3-D456-4C23-8EA9-08D91C534691}.Release|Any CPU.Build.0 = Release|Any CPU
	EndGlobalSection
	GlobalSection(SolutionProperties) = preSolution
		HideSolutionNode = FALSE
	EndGlobalSection
	GlobalSection(ExtensibilityGlobals) = postSolution
		SolutionGuid = {37A01048-F691-4883-A1AC-5A39073DD31A}
	EndGlobalSection
EndGlobal
